{
  "name": "@sereneinserenade/tiptap-search-n-replace-demo",
  "version": "1.0.0",
  "lockfileVersion": 1,
  "requires": true,
  "dependencies": {
    "@tiptap/core": {
      "version": "2.0.0-beta.143",
      "resolved": "https://registry.npmjs.org/@tiptap/core/-/core-2.0.0-beta.143.tgz",
      "integrity": "sha512-3AoKMZmuc+Lh/ZsM7dj+mSQvRMFANgLVAT0Fza9DaEMREnbpS6nDZlpcbb0HnoExbd7ZLobuwDGxEIZG5uo3Lw==",
      "requires": {
        "@types/prosemirror-commands": "^1.0.4",
        "@types/prosemirror-keymap": "^1.0.4",
        "@types/prosemirror-model": "^1.13.2",
        "@types/prosemirror-schema-list": "^1.0.3",
        "@types/prosemirror-state": "^1.2.8",
        "@types/prosemirror-transform": "^1.1.4",
        "@types/prosemirror-view": "^1.19.1",
        "prosemirror-commands": "^1.1.12",
        "prosemirror-keymap": "^1.1.5",
        "prosemirror-model": "^1.15.0",
        "prosemirror-schema-list": "^1.1.6",
        "prosemirror-state": "^1.3.4",
        "prosemirror-transform": "^1.3.3",
        "prosemirror-view": "^1.23.1"
      }
    },
    "@types/orderedmap": {
      "version": "1.0.0",
      "resolved": "https://registry.npmjs.org/@types/orderedmap/-/orderedmap-1.0.0.tgz",
      "integrity": "sha512-dxKo80TqYx3YtBipHwA/SdFmMMyLCnP+5mkEqN0eMjcTBzHkiiX0ES118DsjDBjvD+zeSsSU9jULTZ+frog+Gw=="
    },
    "@types/prosemirror-commands": {
      "version": "1.0.4",
      "resolved": "https://registry.npmjs.org/@types/prosemirror-commands/-/prosemirror-commands-1.0.4.tgz",
      "integrity": "sha512-utDNYB3EXLjAfYIcRWJe6pn3kcQ5kG4RijbT/0Y/TFOm6yhvYS/D9eJVnijdg9LDjykapcezchxGRqFD5LcyaQ==",
      "requires": {
        "@types/prosemirror-model": "*",
        "@types/prosemirror-state": "*",
        "@types/prosemirror-view": "*"
      }
    },
    "@types/prosemirror-keymap": {
      "version": "1.0.4",
      "resolved": "https://registry.npmjs.org/@types/prosemirror-keymap/-/prosemirror-keymap-1.0.4.tgz",
      "integrity": "sha512-ycevwkqUh+jEQtPwqO7sWGcm+Sybmhu8MpBsM8DlO3+YTKnXbKA6SDz/+q14q1wK3UA8lHJyfR+v+GPxfUSemg==",
      "requires": {
        "@types/prosemirror-commands": "*",
        "@types/prosemirror-model": "*",
        "@types/prosemirror-state": "*",
        "@types/prosemirror-view": "*"
      }
    },
    "@types/prosemirror-model": {
      "version": "1.13.2",
      "resolved": "https://registry.npmjs.org/@types/prosemirror-model/-/prosemirror-model-1.13.2.tgz",
      "integrity": "sha512-a2rDB0aZ+7aIP7uBqQq1wLb4Hg4qqEvpkCqvhsgT/gG8IWC0peCAZfQ24sgTco0qSJLeDgIbtPeU6mgr869/kg==",
      "requires": {
        "@types/orderedmap": "*"
      }
    },
    "@types/prosemirror-schema-list": {
      "version": "1.0.3",
      "resolved": "https://registry.npmjs.org/@types/prosemirror-schema-list/-/prosemirror-schema-list-1.0.3.tgz",
      "integrity": "sha512-uWybOf+M2Ea7rlbs0yLsS4YJYNGXYtn4N+w8HCw3Vvfl6wBAROzlMt0gV/D/VW/7J/LlAjwMezuGe8xi24HzXA==",
      "requires": {
        "@types/orderedmap": "*",
        "@types/prosemirror-model": "*",
        "@types/prosemirror-state": "*"
      }
    },
    "@types/prosemirror-state": {
      "version": "1.2.8",
      "resolved": "https://registry.npmjs.org/@types/prosemirror-state/-/prosemirror-state-1.2.8.tgz",
      "integrity": "sha512-mq9uyQWcpu8jeamO6Callrdvf/e1H/aRLR2kZWSpZrPHctEsxWHBbluD/wqVjXBRIOoMHLf6ZvOkrkmGLoCHVA==",
      "requires": {
        "@types/prosemirror-model": "*",
        "@types/prosemirror-transform": "*",
        "@types/prosemirror-view": "*"
      }
    },
    "@types/prosemirror-transform": {
      "version": "1.1.4",
      "resolved": "https://registry.npmjs.org/@types/prosemirror-transform/-/prosemirror-transform-1.1.4.tgz",
      "integrity": "sha512-HP1PauvkqSgDquZut8HaLOTUDQ6jja/LAy4OA7tTS1XG7wqRnX3gLUyEj0mD6vFd4y8BPkNddNdOh/BeGHlUjg==",
      "requires": {
        "@types/prosemirror-model": "*"
      }
    },
    "@types/prosemirror-view": {
      "version": "1.19.2",
      "resolved": "https://registry.npmjs.org/@types/prosemirror-view/-/prosemirror-view-1.19.2.tgz",
      "integrity": "sha512-pmh2DuMJzva4D7SxspRKIzkV6FK2o52uAqGjq2dPYcQFPwu4+5RcS1TMjFVCh1R+Ia1Rx8wsCNIId/5+6DB0Bg==",
      "requires": {
        "@types/prosemirror-model": "*",
        "@types/prosemirror-state": "*",
        "@types/prosemirror-transform": "*"
      }
    },
    "orderedmap": {
      "version": "1.1.1",
      "resolved": "https://registry.npmjs.org/orderedmap/-/orderedmap-1.1.1.tgz",
      "integrity": "sha512-3Ux8um0zXbVacKUkcytc0u3HgC0b0bBLT+I60r2J/En72cI0nZffqrA7Xtf2Hqs27j1g82llR5Mhbd0Z1XW4AQ=="
    },
    "prosemirror-commands": {
      "version": "1.1.12",
      "resolved": "https://registry.npmjs.org/prosemirror-commands/-/prosemirror-commands-1.1.12.tgz",
      "integrity": "sha512-+CrMs3w/ZVPSkR+REg8KL/clyFLv/1+SgY/OMN+CB22Z24j9TZDje72vL36lOZ/E4NeRXuiCcmENcW/vAcG67A==",
      "requires": {
        "prosemirror-model": "^1.0.0",
        "prosemirror-state": "^1.0.0",
        "prosemirror-transform": "^1.0.0"
      }
    },
    "prosemirror-keymap": {
      "version": "1.1.5",
      "resolved": "https://registry.npmjs.org/prosemirror-keymap/-/prosemirror-keymap-1.1.5.tgz",
      "integrity": "sha512-8SZgPH3K+GLsHL2wKuwBD9rxhsbnVBTwpHCO4VUO5GmqUQlxd/2GtBVWTsyLq4Dp3N9nGgPd3+lZFKUDuVp+Vw==",
      "requires": {
        "prosemirror-state": "^1.0.0",
        "w3c-keyname": "^2.2.0"
      }
    },
    "prosemirror-model": {
      "version": "1.15.0",
      "resolved": "https://registry.npmjs.org/prosemirror-model/-/prosemirror-model-1.15.0.tgz",
      "integrity": "sha512-hQJv7SnIhlAy9ga3lhPPgaufhvCbQB9tHwscJ9E1H1pPHmN8w5V/lURueoYv9Kc3/bpNWoyHa8r3g//m7N0ChQ==",
      "requires": {
        "orderedmap": "^1.1.0"
      }
    },
    "prosemirror-schema-list": {
      "version": "1.1.6",
      "resolved": "https://registry.npmjs.org/prosemirror-schema-list/-/prosemirror-schema-list-1.1.6.tgz",
      "integrity": "sha512-aFGEdaCWmJzouZ8DwedmvSsL50JpRkqhQ6tcpThwJONVVmCgI36LJHtoQ4VGZbusMavaBhXXr33zyD2IVsTlkw==",
      "requires": {
        "prosemirror-model": "^1.0.0",
        "prosemirror-transform": "^1.0.0"
      }
    },
    "prosemirror-state": {
      "version": "1.3.4",
      "resolved": "https://registry.npmjs.org/prosemirror-state/-/prosemirror-state-1.3.4.tgz",
      "integrity": "sha512-Xkkrpd1y/TQ6HKzN3agsQIGRcLckUMA9u3j207L04mt8ToRgpGeyhbVv0HI7omDORIBHjR29b7AwlATFFf2GLA==",
      "requires": {
        "prosemirror-model": "^1.0.0",
        "prosemirror-transform": "^1.0.0"
      }
    },
    "prosemirror-transform": {
      "version": "1.3.3",
      "resolved": "https://registry.npmjs.org/prosemirror-transform/-/prosemirror-transform-1.3.3.tgz",
      "integrity": "sha512-9NLVXy1Sfa2G6qPqhWMkEvwQQMTw7OyTqOZbJaGQWsCeH3hH5Cw+c5eNaLM1Uu75EyKLsEZhJ93XpHJBa6RX8A==",
      "requires": {
        "prosemirror-model": "^1.0.0"
      }
    },
    "prosemirror-view": {
      "version": "1.23.3",
      "resolved": "https://registry.npmjs.org/prosemirror-view/-/prosemirror-view-1.23.3.tgz",
      "integrity": "sha512-89icyMdXXwxmTxYj0TIuG5M/d0iKeu79tr+PVtC/4qtCOoHrPSPrblJcFOuOWcxGlA/Ei8PqJB4g5HkKR8jWvQ==",
      "requires": {
        "prosemirror-model": "^1.14.3",
        "prosemirror-state": "^1.0.0",
        "prosemirror-transform": "^1.1.0"
      }
    },
    "w3c-keyname": {
      "version": "2.2.4",
      "resolved": "https://registry.npmjs.org/w3c-keyname/-/w3c-keyname-2.2.4.tgz",
      "integrity": "sha512-tOhfEwEzFLJzf6d1ZPkYfGj+FWhIpBux9ppoP3rlclw3Z0BZv3N7b7030Z1kYth+6rDuAsXUFr+d0VE6Ed1ikw=="
    }
  }
}
